
Microsoft Visual Studio Solution File, Format Version 12.00
# Visual Studio Version 17
VisualStudioVersion = 17.11.35327.3
MinimumVisualStudioVersion = 10.0.40219.1
Project("{FAE04EC0-301F-11D3-BF4B-00C04F79EFBC}") = "ConsoleApp16", "ConsoleApp16.csproj", "{A5FBD6CA-8333-4CAB-9A10-2F930EB65FDC}"
EndProject
Global
	GlobalSection(SolutionConfigurationPlatforms) = preSolution
		Debug|Any CPU = Debug|Any CPU
		Release|Any CPU = Release|Any CPU
	EndGlobalSection
	GlobalSection(ProjectConfigurationPlatforms) = postSolution
		{A5FBD6CA-8333-4CAB-9A10-2F930EB65FDC}.Debug|Any CPU.ActiveCfg = Debug|Any CPU
		{A5FBD6CA-8333-4CAB-9A10-2F930EB65FDC}.Debug|Any CPU.Build.0 = Debug|Any CPU
		{A5FBD6CA-8333-4CAB-9A10-2F930EB65FDC}.Release|Any CPU.ActiveCfg = Release|Any CPU
		{A5FBD6CA-8333-4CAB-9A10-2F930EB65FDC}.Release|Any CPU.Build.0 = Release|Any CPU
	EndGlobalSection
	GlobalSection(SolutionProperties) = preSolution
		HideSolutionNode = FALSE
	EndGlobalSection
	GlobalSection(ExtensibilityGlobals) = postSolution
		SolutionGuid = {B1313BEA-75BB-4F3A-84C6-5785BB6A416E}
	EndGlobalSection
EndGlobal
